
Microsoft Visual Studio Solution File, Format Version 12.00
# Visual Studio Version 17
VisualStudioVersion = 17.9.34728.123
MinimumVisualStudioVersion = 10.0.40219.1
Project("{9A19103F-16F7-4668-BE54-9A1E7A4F7556}") = "HealthGuru", "src\HealthGuru\HealthGuru.csproj", "{B10B6777-6E40-4ECB-9E9C-3CE1A04B65F9}"
EndProject
Global
	GlobalSection(SolutionConfigurationPlatforms) = preSolution
		Debug|Any CPU = Debug|Any CPU
		Release|Any CPU = Release|Any CPU
	EndGlobalSection
	GlobalSection(ProjectConfigurationPlatforms) = postSolution
		{B10B6777-6E40-4ECB-9E9C-3CE1A04B65F9}.Debug|Any CPU.ActiveCfg = Debug|Any CPU
		{B10B6777-6E40-4ECB-9E9C-3CE1A04B65F9}.Debug|Any CPU.Build.0 = Debug|Any CPU
		{B10B6777-6E40-4ECB-9E9C-3CE1A04B65F9}.Release|Any CPU.ActiveCfg = Release|Any CPU
		{B10B6777-6E40-4ECB-9E9C-3CE1A04B65F9}.Release|Any CPU.Build.0 = Release|Any CPU
	EndGlobalSection
	GlobalSection(SolutionProperties) = preSolution
		HideSolutionNode = FALSE
	EndGlobalSection
	GlobalSection(ExtensibilityGlobals) = postSolution
		SolutionGuid = {9AECBDF2-8C61-4BA7-BC1A-41645EA751DF}
	EndGlobalSection
EndGlobal
